
Microsoft Visual Studio Solution File, Format Version 10.00
# Visual Studio 2008
Project("{FAE04EC0-301F-11D3-BF4B-00C04F79EFBC}") = "ConsoleOptions", "ConsoleOptions\ConsoleOptions.csproj", "{1412DD65-1A71-4362-9DC2-A441EE3992F7}"
EndProject
Project("{9344bdbb-3e7f-41fc-a0dd-8665d75ee146}") = "Packages", "Packages.mdproj", "{F5D8D31F-F954-43DC-9DF3-07E8608225A5}"
EndProject
Project("{FAE04EC0-301F-11D3-BF4B-00C04F79EFBC}") = "DemoApp", "DemoApp\DemoApp.csproj", "{49576CFD-47BC-4FD9-8D1F-A4C5FE264C09}"
EndProject
Project("{FAE04EC0-301F-11D3-BF4B-00C04F79EFBC}") = "Console.Options.Test", "Console.Options.Test\Console.Options.Test.csproj", "{545B1081-41BB-4B68-BFF0-D08C093E2524}"
EndProject
Project("{FAE04EC0-301F-11D3-BF4B-00C04F79EFBC}") = "Shell", "Shell\Shell.csproj", "{CD060154-9F44-49A4-8C8C-2F37B118E737}"
EndProject
Project("{FAE04EC0-301F-11D3-BF4B-00C04F79EFBC}") = "DemoShell", "DemoShell\DemoShell.csproj", "{F1AD3E90-5EDA-4CC3-9334-AF26B8288FFF}"
EndProject
Global
	GlobalSection(SolutionConfigurationPlatforms) = preSolution
		Debug|Any CPU = Debug|Any CPU
		Release|Any CPU = Release|Any CPU
	EndGlobalSection
	GlobalSection(ProjectConfigurationPlatforms) = postSolution
		{1412DD65-1A71-4362-9DC2-A441EE3992F7}.Debug|Any CPU.ActiveCfg = Debug|Any CPU
		{1412DD65-1A71-4362-9DC2-A441EE3992F7}.Debug|Any CPU.Build.0 = Debug|Any CPU
		{1412DD65-1A71-4362-9DC2-A441EE3992F7}.Release|Any CPU.ActiveCfg = Release|Any CPU
		{1412DD65-1A71-4362-9DC2-A441EE3992F7}.Release|Any CPU.Build.0 = Release|Any CPU
		{49576CFD-47BC-4FD9-8D1F-A4C5FE264C09}.Debug|Any CPU.ActiveCfg = Debug|Any CPU
		{49576CFD-47BC-4FD9-8D1F-A4C5FE264C09}.Debug|Any CPU.Build.0 = Debug|Any CPU
		{49576CFD-47BC-4FD9-8D1F-A4C5FE264C09}.Release|Any CPU.ActiveCfg = Release|Any CPU
		{49576CFD-47BC-4FD9-8D1F-A4C5FE264C09}.Release|Any CPU.Build.0 = Release|Any CPU
		{545B1081-41BB-4B68-BFF0-D08C093E2524}.Debug|Any CPU.ActiveCfg = Debug|Any CPU
		{545B1081-41BB-4B68-BFF0-D08C093E2524}.Debug|Any CPU.Build.0 = Debug|Any CPU
		{545B1081-41BB-4B68-BFF0-D08C093E2524}.Release|Any CPU.ActiveCfg = Release|Any CPU
		{545B1081-41BB-4B68-BFF0-D08C093E2524}.Release|Any CPU.Build.0 = Release|Any CPU
		{CD060154-9F44-49A4-8C8C-2F37B118E737}.Debug|Any CPU.ActiveCfg = Debug|Any CPU
		{CD060154-9F44-49A4-8C8C-2F37B118E737}.Debug|Any CPU.Build.0 = Debug|Any CPU
		{CD060154-9F44-49A4-8C8C-2F37B118E737}.Release|Any CPU.ActiveCfg = Release|Any CPU
		{CD060154-9F44-49A4-8C8C-2F37B118E737}.Release|Any CPU.Build.0 = Release|Any CPU
		{F1AD3E90-5EDA-4CC3-9334-AF26B8288FFF}.Debug|Any CPU.ActiveCfg = Debug|Any CPU
		{F1AD3E90-5EDA-4CC3-9334-AF26B8288FFF}.Debug|Any CPU.Build.0 = Debug|Any CPU
		{F1AD3E90-5EDA-4CC3-9334-AF26B8288FFF}.Release|Any CPU.ActiveCfg = Release|Any CPU
		{F1AD3E90-5EDA-4CC3-9334-AF26B8288FFF}.Release|Any CPU.Build.0 = Release|Any CPU
		{F5D8D31F-F954-43DC-9DF3-07E8608225A5}.Debug|Any CPU.ActiveCfg = Debug|Any CPU
		{F5D8D31F-F954-43DC-9DF3-07E8608225A5}.Release|Any CPU.ActiveCfg = Release|Any CPU
	EndGlobalSection
	GlobalSection(MonoDevelopProperties) = preSolution
		StartupItem = Shell\Shell.csproj
		Policies = $0
		$0.DotNetNamingPolicy = $1
		$1.DirectoryNamespaceAssociation = None
		$1.ResourceNamePolicy = FileFormatDefault
		$0.TextStylePolicy = $2
		$2.FileWidth = 120
		$2.RemoveTrailingWhitespace = True
		$2.inheritsSet = VisualStudio
		$2.inheritsScope = text/plain
		$2.scope = text/x-csharp
		$0.CSharpFormattingPolicy = $3
		$3.inheritsSet = Mono
		$3.inheritsScope = text/x-csharp
		$3.scope = text/x-csharp
		$0.TextStylePolicy = $4
		$4.FileWidth = 120
		$4.TabWidth = 4
		$4.inheritsSet = Mono
		$4.inheritsScope = text/plain
		$4.scope = text/plain
	EndGlobalSection
EndGlobal
